
Microsoft Visual Studio Solution File, Format Version 12.00
# Visual Studio Version 17
VisualStudioVersion = 17.11.35208.52
MinimumVisualStudioVersion = 10.0.40219.1
Project("{FAE04EC0-301F-11D3-BF4B-00C04F79EFBC}") = "RabbitMQ.Core", "RabbitMQ.Core\RabbitMQ.Core.csproj", "{554DB128-FC25-4224-B47E-723CB5E77229}"
EndProject
Project("{FAE04EC0-301F-11D3-BF4B-00C04F79EFBC}") = "RabbitMQ.Service", "RabbitMQ.Service\RabbitMQ.Service.csproj", "{81B7A48C-1D9C-45E2-8E37-5966D38570FD}"
EndProject
Project("{FAE04EC0-301F-11D3-BF4B-00C04F79EFBC}") = "RabbitMQ.Model", "RabbitMQ.Model\RabbitMQ.Model.csproj", "{E8D1AEB5-DB7D-4395-958C-F23046FC7762}"
EndProject
Global
	GlobalSection(SolutionConfigurationPlatforms) = preSolution
		Debug|Any CPU = Debug|Any CPU
		Release|Any CPU = Release|Any CPU
	EndGlobalSection
	GlobalSection(ProjectConfigurationPlatforms) = postSolution
		{554DB128-FC25-4224-B47E-723CB5E77229}.Debug|Any CPU.ActiveCfg = Debug|Any CPU
		{554DB128-FC25-4224-B47E-723CB5E77229}.Debug|Any CPU.Build.0 = Debug|Any CPU
		{554DB128-FC25-4224-B47E-723CB5E77229}.Release|Any CPU.ActiveCfg = Release|Any CPU
		{554DB128-FC25-4224-B47E-723CB5E77229}.Release|Any CPU.Build.0 = Release|Any CPU
		{81B7A48C-1D9C-45E2-8E37-5966D38570FD}.Debug|Any CPU.ActiveCfg = Debug|Any CPU
		{81B7A48C-1D9C-45E2-8E37-5966D38570FD}.Debug|Any CPU.Build.0 = Debug|Any CPU
		{81B7A48C-1D9C-45E2-8E37-5966D38570FD}.Release|Any CPU.ActiveCfg = Release|Any CPU
		{81B7A48C-1D9C-45E2-8E37-5966D38570FD}.Release|Any CPU.Build.0 = Release|Any CPU
		{E8D1AEB5-DB7D-4395-958C-F23046FC7762}.Debug|Any CPU.ActiveCfg = Debug|Any CPU
		{E8D1AEB5-DB7D-4395-958C-F23046FC7762}.Debug|Any CPU.Build.0 = Debug|Any CPU
		{E8D1AEB5-DB7D-4395-958C-F23046FC7762}.Release|Any CPU.ActiveCfg = Release|Any CPU
		{E8D1AEB5-DB7D-4395-958C-F23046FC7762}.Release|Any CPU.Build.0 = Release|Any CPU
	EndGlobalSection
	GlobalSection(SolutionProperties) = preSolution
		HideSolutionNode = FALSE
	EndGlobalSection
	GlobalSection(ExtensibilityGlobals) = postSolution
		SolutionGuid = {1FF3452B-000F-4B37-B84D-36D880FAB7C9}
	EndGlobalSection
EndGlobal
